// !$*UTF8*$!
{
	archiveVersion = 1;
	classes = {
	};
	objectVersion = 51;
	objects = {

/* Begin PBXBuildFile section */
		085490B2733063EE7EAEE147 /* Pods_hangoutsTests.framework in Frameworks */ = {isa = PBXBuildFile; fileRef = 288D06504D85A570B810BCB6 /* Pods_hangoutsTests.framework */; };
		3CE7D01322DF9681005E5C29 /* MapViewController.m in Sources */ = {isa = PBXBuildFile; fileRef = 3CE7D01222DF9681005E5C29 /* MapViewController.m */; };
		3CE7D01922DF97F2005E5C29 /* AddEventViewController.m in Sources */ = {isa = PBXBuildFile; fileRef = 3CE7D01822DF97F2005E5C29 /* AddEventViewController.m */; };
		3CE7D01C22DFA214005E5C29 /* Event.m in Sources */ = {isa = PBXBuildFile; fileRef = 3CE7D01B22DFA214005E5C29 /* Event.m */; };
		59DB12152AA880A2C230AC11 /* Pods_hangouts.framework in Frameworks */ = {isa = PBXBuildFile; fileRef = 9E09CBBDABCC61446D309861 /* Pods_hangouts.framework */; };
		7B0BBC5822DF91DC006275F6 /* LoginViewController.m in Sources */ = {isa = PBXBuildFile; fileRef = 7B0BBC5722DF91DC006275F6 /* LoginViewController.m */; };
		7B61D4F222DF94B100007250 /* Parse.framework in Frameworks */ = {isa = PBXBuildFile; fileRef = 7B61D4F122DF94B100007250 /* Parse.framework */; };
		7B61D4F522DF9EDE00007250 /* SignUpViewController.m in Sources */ = {isa = PBXBuildFile; fileRef = 7B61D4F422DF9EDE00007250 /* SignUpViewController.m */; };
		7B61D4F822DFECEE00007250 /* ProfileViewController.m in Sources */ = {isa = PBXBuildFile; fileRef = 7B61D4F722DFECEE00007250 /* ProfileViewController.m */; };
		9ABA3ADB7839C999C802204B /* Pods_hangoutsUITests.framework in Frameworks */ = {isa = PBXBuildFile; fileRef = 47D5EBA094F4583FAB0CA09E /* Pods_hangoutsUITests.framework */; };
		D9DF803222DF8C74003D240F /* FriendSearchViewController.m in Sources */ = {isa = PBXBuildFile; fileRef = D9DF803122DF8C74003D240F /* FriendSearchViewController.m */; };
		D9DF803522DF8D3A003D240F /* FriendCell.m in Sources */ = {isa = PBXBuildFile; fileRef = D9DF803422DF8D3A003D240F /* FriendCell.m */; };
		D9DF803822DFE181003D240F /* Friendship.m in Sources */ = {isa = PBXBuildFile; fileRef = D9DF803722DFE181003D240F /* Friendship.m */; };
		D9DF803B22DFF116003D240F /* FriendRequestsViewController.m in Sources */ = {isa = PBXBuildFile; fileRef = D9DF803A22DFF116003D240F /* FriendRequestsViewController.m */; };
		D9DF803E22E0E12E003D240F /* FriendRequestCell.m in Sources */ = {isa = PBXBuildFile; fileRef = D9DF803D22E0E12E003D240F /* FriendRequestCell.m */; };
		D9F09B5622DE7E060003F9CE /* AppDelegate.m in Sources */ = {isa = PBXBuildFile; fileRef = D9F09B5522DE7E060003F9CE /* AppDelegate.m */; };
		D9F09B5C22DE7E060003F9CE /* Main.storyboard in Resources */ = {isa = PBXBuildFile; fileRef = D9F09B5A22DE7E060003F9CE /* Main.storyboard */; };
		D9F09B5E22DE7E080003F9CE /* Assets.xcassets in Resources */ = {isa = PBXBuildFile; fileRef = D9F09B5D22DE7E080003F9CE /* Assets.xcassets */; };
		D9F09B6122DE7E080003F9CE /* LaunchScreen.storyboard in Resources */ = {isa = PBXBuildFile; fileRef = D9F09B5F22DE7E080003F9CE /* LaunchScreen.storyboard */; };
		D9F09B6422DE7E080003F9CE /* main.m in Sources */ = {isa = PBXBuildFile; fileRef = D9F09B6322DE7E080003F9CE /* main.m */; };
		D9F09B6E22DE7E080003F9CE /* hangoutsTests.m in Sources */ = {isa = PBXBuildFile; fileRef = D9F09B6D22DE7E080003F9CE /* hangoutsTests.m */; };
		D9F09B7922DE7E080003F9CE /* hangoutsUITests.m in Sources */ = {isa = PBXBuildFile; fileRef = D9F09B7822DE7E080003F9CE /* hangoutsUITests.m */; };
/* End PBXBuildFile section */

/* Begin PBXContainerItemProxy section */
		D9F09B6A22DE7E080003F9CE /* PBXContainerItemProxy */ = {
			isa = PBXContainerItemProxy;
			containerPortal = D9F09B4922DE7E060003F9CE /* Project object */;
			proxyType = 1;
			remoteGlobalIDString = D9F09B5022DE7E060003F9CE;
			remoteInfo = hangouts;
		};
		D9F09B7522DE7E080003F9CE /* PBXContainerItemProxy */ = {
			isa = PBXContainerItemProxy;
			containerPortal = D9F09B4922DE7E060003F9CE /* Project object */;
			proxyType = 1;
			remoteGlobalIDString = D9F09B5022DE7E060003F9CE;
			remoteInfo = hangouts;
		};
/* End PBXContainerItemProxy section */

/* Begin PBXFileReference section */
		288D06504D85A570B810BCB6 /* Pods_hangoutsTests.framework */ = {isa = PBXFileReference; explicitFileType = wrapper.framework; includeInIndex = 0; path = Pods_hangoutsTests.framework; sourceTree = BUILT_PRODUCTS_DIR; };
		3CE7D01122DF9681005E5C29 /* MapViewController.h */ = {isa = PBXFileReference; lastKnownFileType = sourcecode.c.h; path = MapViewController.h; sourceTree = "<group>"; };
		3CE7D01222DF9681005E5C29 /* MapViewController.m */ = {isa = PBXFileReference; lastKnownFileType = sourcecode.c.objc; path = MapViewController.m; sourceTree = "<group>"; };
		3CE7D01722DF97F2005E5C29 /* AddEventViewController.h */ = {isa = PBXFileReference; lastKnownFileType = sourcecode.c.h; path = AddEventViewController.h; sourceTree = "<group>"; };
		3CE7D01822DF97F2005E5C29 /* AddEventViewController.m */ = {isa = PBXFileReference; lastKnownFileType = sourcecode.c.objc; path = AddEventViewController.m; sourceTree = "<group>"; };
		3CE7D01A22DFA214005E5C29 /* Event.h */ = {isa = PBXFileReference; lastKnownFileType = sourcecode.c.h; path = Event.h; sourceTree = "<group>"; };
		3CE7D01B22DFA214005E5C29 /* Event.m */ = {isa = PBXFileReference; lastKnownFileType = sourcecode.c.objc; path = Event.m; sourceTree = "<group>"; };
		47D5EBA094F4583FAB0CA09E /* Pods_hangoutsUITests.framework */ = {isa = PBXFileReference; explicitFileType = wrapper.framework; includeInIndex = 0; path = Pods_hangoutsUITests.framework; sourceTree = BUILT_PRODUCTS_DIR; };
		6A6C8F220FB43673B001343A /* Pods-hangoutsTests.debug.xcconfig */ = {isa = PBXFileReference; includeInIndex = 1; lastKnownFileType = text.xcconfig; name = "Pods-hangoutsTests.debug.xcconfig"; path = "Target Support Files/Pods-hangoutsTests/Pods-hangoutsTests.debug.xcconfig"; sourceTree = "<group>"; };
		7B0BBC5622DF91DC006275F6 /* LoginViewController.h */ = {isa = PBXFileReference; lastKnownFileType = sourcecode.c.h; path = LoginViewController.h; sourceTree = "<group>"; };
		7B0BBC5722DF91DC006275F6 /* LoginViewController.m */ = {isa = PBXFileReference; lastKnownFileType = sourcecode.c.objc; path = LoginViewController.m; sourceTree = "<group>"; };
		7B61D4F122DF94B100007250 /* Parse.framework */ = {isa = PBXFileReference; explicitFileType = wrapper.framework; path = Parse.framework; sourceTree = BUILT_PRODUCTS_DIR; };
		7B61D4F322DF9EDE00007250 /* SignUpViewController.h */ = {isa = PBXFileReference; lastKnownFileType = sourcecode.c.h; path = SignUpViewController.h; sourceTree = "<group>"; };
		7B61D4F422DF9EDE00007250 /* SignUpViewController.m */ = {isa = PBXFileReference; lastKnownFileType = sourcecode.c.objc; path = SignUpViewController.m; sourceTree = "<group>"; };
		7B61D4F622DFECEE00007250 /* ProfileViewController.h */ = {isa = PBXFileReference; lastKnownFileType = sourcecode.c.h; path = ProfileViewController.h; sourceTree = "<group>"; };
		7B61D4F722DFECEE00007250 /* ProfileViewController.m */ = {isa = PBXFileReference; lastKnownFileType = sourcecode.c.objc; path = ProfileViewController.m; sourceTree = "<group>"; };
		8FA899A2DBB9542F5D18378D /* Pods-hangouts.release.xcconfig */ = {isa = PBXFileReference; includeInIndex = 1; lastKnownFileType = text.xcconfig; name = "Pods-hangouts.release.xcconfig"; path = "Target Support Files/Pods-hangouts/Pods-hangouts.release.xcconfig"; sourceTree = "<group>"; };
		9E09CBBDABCC61446D309861 /* Pods_hangouts.framework */ = {isa = PBXFileReference; explicitFileType = wrapper.framework; includeInIndex = 0; path = Pods_hangouts.framework; sourceTree = BUILT_PRODUCTS_DIR; };
		B292598FB64D6C47C72E9F9D /* Pods-hangouts.debug.xcconfig */ = {isa = PBXFileReference; includeInIndex = 1; lastKnownFileType = text.xcconfig; name = "Pods-hangouts.debug.xcconfig"; path = "Target Support Files/Pods-hangouts/Pods-hangouts.debug.xcconfig"; sourceTree = "<group>"; };
		C0C85B00E63547B4468D820E /* Pods-hangoutsTests.release.xcconfig */ = {isa = PBXFileReference; includeInIndex = 1; lastKnownFileType = text.xcconfig; name = "Pods-hangoutsTests.release.xcconfig"; path = "Target Support Files/Pods-hangoutsTests/Pods-hangoutsTests.release.xcconfig"; sourceTree = "<group>"; };
		C81CEDA2E12046CB59AA8ECE /* Pods-hangoutsUITests.debug.xcconfig */ = {isa = PBXFileReference; includeInIndex = 1; lastKnownFileType = text.xcconfig; name = "Pods-hangoutsUITests.debug.xcconfig"; path = "Target Support Files/Pods-hangoutsUITests/Pods-hangoutsUITests.debug.xcconfig"; sourceTree = "<group>"; };
		D9DF803022DF8C74003D240F /* FriendSearchViewController.h */ = {isa = PBXFileReference; lastKnownFileType = sourcecode.c.h; path = FriendSearchViewController.h; sourceTree = "<group>"; };
		D9DF803122DF8C74003D240F /* FriendSearchViewController.m */ = {isa = PBXFileReference; lastKnownFileType = sourcecode.c.objc; path = FriendSearchViewController.m; sourceTree = "<group>"; };
		D9DF803322DF8D3A003D240F /* FriendCell.h */ = {isa = PBXFileReference; lastKnownFileType = sourcecode.c.h; path = FriendCell.h; sourceTree = "<group>"; };
		D9DF803422DF8D3A003D240F /* FriendCell.m */ = {isa = PBXFileReference; lastKnownFileType = sourcecode.c.objc; path = FriendCell.m; sourceTree = "<group>"; };
		D9DF803622DFE181003D240F /* Friendship.h */ = {isa = PBXFileReference; lastKnownFileType = sourcecode.c.h; path = Friendship.h; sourceTree = "<group>"; };
		D9DF803722DFE181003D240F /* Friendship.m */ = {isa = PBXFileReference; lastKnownFileType = sourcecode.c.objc; path = Friendship.m; sourceTree = "<group>"; };
		D9DF803922DFF116003D240F /* FriendRequestsViewController.h */ = {isa = PBXFileReference; lastKnownFileType = sourcecode.c.h; path = FriendRequestsViewController.h; sourceTree = "<group>"; };
		D9DF803A22DFF116003D240F /* FriendRequestsViewController.m */ = {isa = PBXFileReference; lastKnownFileType = sourcecode.c.objc; path = FriendRequestsViewController.m; sourceTree = "<group>"; };
		D9DF803C22E0E12E003D240F /* FriendRequestCell.h */ = {isa = PBXFileReference; lastKnownFileType = sourcecode.c.h; path = FriendRequestCell.h; sourceTree = "<group>"; };
		D9DF803D22E0E12E003D240F /* FriendRequestCell.m */ = {isa = PBXFileReference; lastKnownFileType = sourcecode.c.objc; path = FriendRequestCell.m; sourceTree = "<group>"; };
		D9F09B5122DE7E060003F9CE /* hangouts.app */ = {isa = PBXFileReference; explicitFileType = wrapper.application; includeInIndex = 0; path = hangouts.app; sourceTree = BUILT_PRODUCTS_DIR; };
		D9F09B5422DE7E060003F9CE /* AppDelegate.h */ = {isa = PBXFileReference; lastKnownFileType = sourcecode.c.h; path = AppDelegate.h; sourceTree = "<group>"; };
		D9F09B5522DE7E060003F9CE /* AppDelegate.m */ = {isa = PBXFileReference; lastKnownFileType = sourcecode.c.objc; path = AppDelegate.m; sourceTree = "<group>"; };
		D9F09B5B22DE7E060003F9CE /* Base */ = {isa = PBXFileReference; lastKnownFileType = file.storyboard; name = Base; path = Base.lproj/Main.storyboard; sourceTree = "<group>"; };
		D9F09B5D22DE7E080003F9CE /* Assets.xcassets */ = {isa = PBXFileReference; lastKnownFileType = folder.assetcatalog; path = Assets.xcassets; sourceTree = "<group>"; };
		D9F09B6022DE7E080003F9CE /* Base */ = {isa = PBXFileReference; lastKnownFileType = file.storyboard; name = Base; path = Base.lproj/LaunchScreen.storyboard; sourceTree = "<group>"; };
		D9F09B6222DE7E080003F9CE /* Info.plist */ = {isa = PBXFileReference; lastKnownFileType = text.plist.xml; path = Info.plist; sourceTree = "<group>"; };
		D9F09B6322DE7E080003F9CE /* main.m */ = {isa = PBXFileReference; lastKnownFileType = sourcecode.c.objc; path = main.m; sourceTree = "<group>"; };
		D9F09B6922DE7E080003F9CE /* hangoutsTests.xctest */ = {isa = PBXFileReference; explicitFileType = wrapper.cfbundle; includeInIndex = 0; path = hangoutsTests.xctest; sourceTree = BUILT_PRODUCTS_DIR; };
		D9F09B6D22DE7E080003F9CE /* hangoutsTests.m */ = {isa = PBXFileReference; lastKnownFileType = sourcecode.c.objc; path = hangoutsTests.m; sourceTree = "<group>"; };
		D9F09B6F22DE7E080003F9CE /* Info.plist */ = {isa = PBXFileReference; lastKnownFileType = text.plist.xml; path = Info.plist; sourceTree = "<group>"; };
		D9F09B7422DE7E080003F9CE /* hangoutsUITests.xctest */ = {isa = PBXFileReference; explicitFileType = wrapper.cfbundle; includeInIndex = 0; path = hangoutsUITests.xctest; sourceTree = BUILT_PRODUCTS_DIR; };
		D9F09B7822DE7E080003F9CE /* hangoutsUITests.m */ = {isa = PBXFileReference; lastKnownFileType = sourcecode.c.objc; path = hangoutsUITests.m; sourceTree = "<group>"; };
		D9F09B7A22DE7E080003F9CE /* Info.plist */ = {isa = PBXFileReference; lastKnownFileType = text.plist.xml; path = Info.plist; sourceTree = "<group>"; };
		DC0CDD6E9ABC3EF25B7C64E6 /* Pods-hangoutsUITests.release.xcconfig */ = {isa = PBXFileReference; includeInIndex = 1; lastKnownFileType = text.xcconfig; name = "Pods-hangoutsUITests.release.xcconfig"; path = "Target Support Files/Pods-hangoutsUITests/Pods-hangoutsUITests.release.xcconfig"; sourceTree = "<group>"; };
/* End PBXFileReference section */

/* Begin PBXFrameworksBuildPhase section */
		D9F09B4E22DE7E060003F9CE /* Frameworks */ = {
			isa = PBXFrameworksBuildPhase;
			buildActionMask = 2147483647;
			files = (
				7B61D4F222DF94B100007250 /* Parse.framework in Frameworks */,
				59DB12152AA880A2C230AC11 /* Pods_hangouts.framework in Frameworks */,
			);
			runOnlyForDeploymentPostprocessing = 0;
		};
		D9F09B6622DE7E080003F9CE /* Frameworks */ = {
			isa = PBXFrameworksBuildPhase;
			buildActionMask = 2147483647;
			files = (
				085490B2733063EE7EAEE147 /* Pods_hangoutsTests.framework in Frameworks */,
			);
			runOnlyForDeploymentPostprocessing = 0;
		};
		D9F09B7122DE7E080003F9CE /* Frameworks */ = {
			isa = PBXFrameworksBuildPhase;
			buildActionMask = 2147483647;
			files = (
				9ABA3ADB7839C999C802204B /* Pods_hangoutsUITests.framework in Frameworks */,
			);
			runOnlyForDeploymentPostprocessing = 0;
		};
/* End PBXFrameworksBuildPhase section */

/* Begin PBXGroup section */
		0284D96AB72073174D220AF5 /* Frameworks */ = {
			isa = PBXGroup;
			children = (
				7B61D4F122DF94B100007250 /* Parse.framework */,
				9E09CBBDABCC61446D309861 /* Pods_hangouts.framework */,
				288D06504D85A570B810BCB6 /* Pods_hangoutsTests.framework */,
				47D5EBA094F4583FAB0CA09E /* Pods_hangoutsUITests.framework */,
			);
			name = Frameworks;
			sourceTree = "<group>";
		};
		7B0BBC5522DF91C9006275F6 /* View Controllers */ = {
			isa = PBXGroup;
			children = (
				D9DF803022DF8C74003D240F /* FriendSearchViewController.h */,
				D9DF803122DF8C74003D240F /* FriendSearchViewController.m */,
				3CE7D01122DF9681005E5C29 /* MapViewController.h */,
				3CE7D01222DF9681005E5C29 /* MapViewController.m */,
				3CE7D01722DF97F2005E5C29 /* AddEventViewController.h */,
				3CE7D01822DF97F2005E5C29 /* AddEventViewController.m */,
				7B0BBC5622DF91DC006275F6 /* LoginViewController.h */,
				7B0BBC5722DF91DC006275F6 /* LoginViewController.m */,
				7B61D4F322DF9EDE00007250 /* SignUpViewController.h */,
				7B61D4F422DF9EDE00007250 /* SignUpViewController.m */,
				D9DF803922DFF116003D240F /* FriendRequestsViewController.h */,
				D9DF803A22DFF116003D240F /* FriendRequestsViewController.m */,
				7B61D4F622DFECEE00007250 /* ProfileViewController.h */,
				7B61D4F722DFECEE00007250 /* ProfileViewController.m */,
			);
			path = "View Controllers";
			sourceTree = "<group>";
		};
		D9F09B4822DE7E060003F9CE = {
			isa = PBXGroup;
			children = (
				D9F09B5322DE7E060003F9CE /* hangouts */,
				D9F09B6C22DE7E080003F9CE /* hangoutsTests */,
				D9F09B7722DE7E080003F9CE /* hangoutsUITests */,
				D9F09B5222DE7E060003F9CE /* Products */,
				DB259B30A70CA6A87B9141F9 /* Pods */,
				0284D96AB72073174D220AF5 /* Frameworks */,
			);
			sourceTree = "<group>";
		};
		D9F09B5222DE7E060003F9CE /* Products */ = {
			isa = PBXGroup;
			children = (
				D9F09B5122DE7E060003F9CE /* hangouts.app */,
				D9F09B6922DE7E080003F9CE /* hangoutsTests.xctest */,
				D9F09B7422DE7E080003F9CE /* hangoutsUITests.xctest */,
			);
			name = Products;
			sourceTree = "<group>";
		};
		D9F09B5322DE7E060003F9CE /* hangouts */ = {
			isa = PBXGroup;
			children = (
				D9DF803322DF8D3A003D240F /* FriendCell.h */,
				D9DF803422DF8D3A003D240F /* FriendCell.m */,
				7B0BBC5522DF91C9006275F6 /* View Controllers */,
				D9DF803622DFE181003D240F /* Friendship.h */,
				D9DF803722DFE181003D240F /* Friendship.m */,
				3CE7D01A22DFA214005E5C29 /* Event.h */,
				3CE7D01B22DFA214005E5C29 /* Event.m */,
				D9F09B5422DE7E060003F9CE /* AppDelegate.h */,
				D9F09B5522DE7E060003F9CE /* AppDelegate.m */,
				D9F09B5A22DE7E060003F9CE /* Main.storyboard */,
				D9DF803C22E0E12E003D240F /* FriendRequestCell.h */,
				D9DF803D22E0E12E003D240F /* FriendRequestCell.m */,
				D9F09B5D22DE7E080003F9CE /* Assets.xcassets */,
				D9F09B5F22DE7E080003F9CE /* LaunchScreen.storyboard */,
				D9F09B6222DE7E080003F9CE /* Info.plist */,
				D9F09B6322DE7E080003F9CE /* main.m */,
			);
			path = hangouts;
			sourceTree = "<group>";
		};
		D9F09B6C22DE7E080003F9CE /* hangoutsTests */ = {
			isa = PBXGroup;
			children = (
				D9F09B6D22DE7E080003F9CE /* hangoutsTests.m */,
				D9F09B6F22DE7E080003F9CE /* Info.plist */,
			);
			path = hangoutsTests;
			sourceTree = "<group>";
		};
		D9F09B7722DE7E080003F9CE /* hangoutsUITests */ = {
			isa = PBXGroup;
			children = (
				D9F09B7822DE7E080003F9CE /* hangoutsUITests.m */,
				D9F09B7A22DE7E080003F9CE /* Info.plist */,
			);
			path = hangoutsUITests;
			sourceTree = "<group>";
		};
		DB259B30A70CA6A87B9141F9 /* Pods */ = {
			isa = PBXGroup;
			children = (
				B292598FB64D6C47C72E9F9D /* Pods-hangouts.debug.xcconfig */,
				8FA899A2DBB9542F5D18378D /* Pods-hangouts.release.xcconfig */,
				6A6C8F220FB43673B001343A /* Pods-hangoutsTests.debug.xcconfig */,
				C0C85B00E63547B4468D820E /* Pods-hangoutsTests.release.xcconfig */,
				C81CEDA2E12046CB59AA8ECE /* Pods-hangoutsUITests.debug.xcconfig */,
				DC0CDD6E9ABC3EF25B7C64E6 /* Pods-hangoutsUITests.release.xcconfig */,
			);
			path = Pods;
			sourceTree = "<group>";
		};
/* End PBXGroup section */

/* Begin PBXNativeTarget section */
		D9F09B5022DE7E060003F9CE /* hangouts */ = {
			isa = PBXNativeTarget;
			buildConfigurationList = D9F09B7D22DE7E080003F9CE /* Build configuration list for PBXNativeTarget "hangouts" */;
			buildPhases = (
				3629A5DCE8B5B6B62376CBDE /* [CP] Check Pods Manifest.lock */,
				D9F09B4D22DE7E060003F9CE /* Sources */,
				D9F09B4E22DE7E060003F9CE /* Frameworks */,
				D9F09B4F22DE7E060003F9CE /* Resources */,
				13A52B781A0B546239732289 /* [CP] Embed Pods Frameworks */,
			);
			buildRules = (
			);
			dependencies = (
			);
			name = hangouts;
			productName = hangouts;
			productReference = D9F09B5122DE7E060003F9CE /* hangouts.app */;
			productType = "com.apple.product-type.application";
		};
		D9F09B6822DE7E080003F9CE /* hangoutsTests */ = {
			isa = PBXNativeTarget;
			buildConfigurationList = D9F09B8022DE7E080003F9CE /* Build configuration list for PBXNativeTarget "hangoutsTests" */;
			buildPhases = (
				BFBD280B40527D3BF0ACA86D /* [CP] Check Pods Manifest.lock */,
				D9F09B6522DE7E080003F9CE /* Sources */,
				D9F09B6622DE7E080003F9CE /* Frameworks */,
				D9F09B6722DE7E080003F9CE /* Resources */,
			);
			buildRules = (
			);
			dependencies = (
				D9F09B6B22DE7E080003F9CE /* PBXTargetDependency */,
			);
			name = hangoutsTests;
			productName = hangoutsTests;
			productReference = D9F09B6922DE7E080003F9CE /* hangoutsTests.xctest */;
			productType = "com.apple.product-type.bundle.unit-test";
		};
		D9F09B7322DE7E080003F9CE /* hangoutsUITests */ = {
			isa = PBXNativeTarget;
			buildConfigurationList = D9F09B8322DE7E080003F9CE /* Build configuration list for PBXNativeTarget "hangoutsUITests" */;
			buildPhases = (
				F4922933FF42DE56715C3CFB /* [CP] Check Pods Manifest.lock */,
				D9F09B7022DE7E080003F9CE /* Sources */,
				D9F09B7122DE7E080003F9CE /* Frameworks */,
				D9F09B7222DE7E080003F9CE /* Resources */,
			);
			buildRules = (
			);
			dependencies = (
				D9F09B7622DE7E080003F9CE /* PBXTargetDependency */,
			);
			name = hangoutsUITests;
			productName = hangoutsUITests;
			productReference = D9F09B7422DE7E080003F9CE /* hangoutsUITests.xctest */;
			productType = "com.apple.product-type.bundle.ui-testing";
		};
/* End PBXNativeTarget section */

/* Begin PBXProject section */
		D9F09B4922DE7E060003F9CE /* Project object */ = {
			isa = PBXProject;
			attributes = {
				LastUpgradeCheck = 1020;
				ORGANIZATIONNAME = nev;
				TargetAttributes = {
					D9F09B5022DE7E060003F9CE = {
						CreatedOnToolsVersion = 10.2.1;
					};
					D9F09B6822DE7E080003F9CE = {
						CreatedOnToolsVersion = 10.2.1;
						TestTargetID = D9F09B5022DE7E060003F9CE;
					};
					D9F09B7322DE7E080003F9CE = {
						CreatedOnToolsVersion = 10.2.1;
						TestTargetID = D9F09B5022DE7E060003F9CE;
					};
				};
			};
			buildConfigurationList = D9F09B4C22DE7E060003F9CE /* Build configuration list for PBXProject "hangouts" */;
			compatibilityVersion = "Xcode 9.3";
			developmentRegion = en;
			hasScannedForEncodings = 0;
			knownRegions = (
				en,
				Base,
			);
			mainGroup = D9F09B4822DE7E060003F9CE;
			productRefGroup = D9F09B5222DE7E060003F9CE /* Products */;
			projectDirPath = "";
			projectRoot = "";
			targets = (
				D9F09B5022DE7E060003F9CE /* hangouts */,
				D9F09B6822DE7E080003F9CE /* hangoutsTests */,
				D9F09B7322DE7E080003F9CE /* hangoutsUITests */,
			);
		};
/* End PBXProject section */

/* Begin PBXResourcesBuildPhase section */
		D9F09B4F22DE7E060003F9CE /* Resources */ = {
			isa = PBXResourcesBuildPhase;
			buildActionMask = 2147483647;
			files = (
				D9F09B6122DE7E080003F9CE /* LaunchScreen.storyboard in Resources */,
				D9F09B5E22DE7E080003F9CE /* Assets.xcassets in Resources */,
				D9F09B5C22DE7E060003F9CE /* Main.storyboard in Resources */,
			);
			runOnlyForDeploymentPostprocessing = 0;
		};
		D9F09B6722DE7E080003F9CE /* Resources */ = {
			isa = PBXResourcesBuildPhase;
			buildActionMask = 2147483647;
			files = (
			);
			runOnlyForDeploymentPostprocessing = 0;
		};
		D9F09B7222DE7E080003F9CE /* Resources */ = {
			isa = PBXResourcesBuildPhase;
			buildActionMask = 2147483647;
			files = (
			);
			runOnlyForDeploymentPostprocessing = 0;
		};
/* End PBXResourcesBuildPhase section */

/* Begin PBXShellScriptBuildPhase section */
		13A52B781A0B546239732289 /* [CP] Embed Pods Frameworks */ = {
			isa = PBXShellScriptBuildPhase;
			buildActionMask = 2147483647;
			files = (
			);
			inputFileListPaths = (
				"${PODS_ROOT}/Target Support Files/Pods-hangouts/Pods-hangouts-frameworks-${CONFIGURATION}-input-files.xcfilelist",
			);
			name = "[CP] Embed Pods Frameworks";
			outputFileListPaths = (
				"${PODS_ROOT}/Target Support Files/Pods-hangouts/Pods-hangouts-frameworks-${CONFIGURATION}-output-files.xcfilelist",
			);
			runOnlyForDeploymentPostprocessing = 0;
			shellPath = /bin/sh;
			shellScript = "\"${PODS_ROOT}/Target Support Files/Pods-hangouts/Pods-hangouts-frameworks.sh\"\n";
			showEnvVarsInLog = 0;
		};
		3629A5DCE8B5B6B62376CBDE /* [CP] Check Pods Manifest.lock */ = {
			isa = PBXShellScriptBuildPhase;
			buildActionMask = 2147483647;
			files = (
			);
			inputFileListPaths = (
			);
			inputPaths = (
				"${PODS_PODFILE_DIR_PATH}/Podfile.lock",
				"${PODS_ROOT}/Manifest.lock",
			);
			name = "[CP] Check Pods Manifest.lock";
			outputFileListPaths = (
			);
			outputPaths = (
				"$(DERIVED_FILE_DIR)/Pods-hangouts-checkManifestLockResult.txt",
			);
			runOnlyForDeploymentPostprocessing = 0;
			shellPath = /bin/sh;
			shellScript = "diff \"${PODS_PODFILE_DIR_PATH}/Podfile.lock\" \"${PODS_ROOT}/Manifest.lock\" > /dev/null\nif [ $? != 0 ] ; then\n    # print error to STDERR\n    echo \"error: The sandbox is not in sync with the Podfile.lock. Run 'pod install' or update your CocoaPods installation.\" >&2\n    exit 1\nfi\n# This output is used by Xcode 'outputs' to avoid re-running this script phase.\necho \"SUCCESS\" > \"${SCRIPT_OUTPUT_FILE_0}\"\n";
			showEnvVarsInLog = 0;
		};
		BFBD280B40527D3BF0ACA86D /* [CP] Check Pods Manifest.lock */ = {
			isa = PBXShellScriptBuildPhase;
			buildActionMask = 2147483647;
			files = (
			);
			inputFileListPaths = (
			);
			inputPaths = (
				"${PODS_PODFILE_DIR_PATH}/Podfile.lock",
				"${PODS_ROOT}/Manifest.lock",
			);
			name = "[CP] Check Pods Manifest.lock";
			outputFileListPaths = (
			);
			outputPaths = (
				"$(DERIVED_FILE_DIR)/Pods-hangoutsTests-checkManifestLockResult.txt",
			);
			runOnlyForDeploymentPostprocessing = 0;
			shellPath = /bin/sh;
			shellScript = "diff \"${PODS_PODFILE_DIR_PATH}/Podfile.lock\" \"${PODS_ROOT}/Manifest.lock\" > /dev/null\nif [ $? != 0 ] ; then\n    # print error to STDERR\n    echo \"error: The sandbox is not in sync with the Podfile.lock. Run 'pod install' or update your CocoaPods installation.\" >&2\n    exit 1\nfi\n# This output is used by Xcode 'outputs' to avoid re-running this script phase.\necho \"SUCCESS\" > \"${SCRIPT_OUTPUT_FILE_0}\"\n";
			showEnvVarsInLog = 0;
		};
		F4922933FF42DE56715C3CFB /* [CP] Check Pods Manifest.lock */ = {
			isa = PBXShellScriptBuildPhase;
			buildActionMask = 2147483647;
			files = (
			);
			inputFileListPaths = (
			);
			inputPaths = (
				"${PODS_PODFILE_DIR_PATH}/Podfile.lock",
				"${PODS_ROOT}/Manifest.lock",
			);
			name = "[CP] Check Pods Manifest.lock";
			outputFileListPaths = (
			);
			outputPaths = (
				"$(DERIVED_FILE_DIR)/Pods-hangoutsUITests-checkManifestLockResult.txt",
			);
			runOnlyForDeploymentPostprocessing = 0;
			shellPath = /bin/sh;
			shellScript = "diff \"${PODS_PODFILE_DIR_PATH}/Podfile.lock\" \"${PODS_ROOT}/Manifest.lock\" > /dev/null\nif [ $? != 0 ] ; then\n    # print error to STDERR\n    echo \"error: The sandbox is not in sync with the Podfile.lock. Run 'pod install' or update your CocoaPods installation.\" >&2\n    exit 1\nfi\n# This output is used by Xcode 'outputs' to avoid re-running this script phase.\necho \"SUCCESS\" > \"${SCRIPT_OUTPUT_FILE_0}\"\n";
			showEnvVarsInLog = 0;
		};
/* End PBXShellScriptBuildPhase section */

/* Begin PBXSourcesBuildPhase section */
		D9F09B4D22DE7E060003F9CE /* Sources */ = {
			isa = PBXSourcesBuildPhase;
			buildActionMask = 2147483647;
			files = (
				3CE7D01C22DFA214005E5C29 /* Event.m in Sources */,
				D9F09B6422DE7E080003F9CE /* main.m in Sources */,
				D9F09B5622DE7E060003F9CE /* AppDelegate.m in Sources */,
				D9DF803E22E0E12E003D240F /* FriendRequestCell.m in Sources */,
				3CE7D01922DF97F2005E5C29 /* AddEventViewController.m in Sources */,
				D9DF803B22DFF116003D240F /* FriendRequestsViewController.m in Sources */,
				D9DF803222DF8C74003D240F /* FriendSearchViewController.m in Sources */,
				D9DF803522DF8D3A003D240F /* FriendCell.m in Sources */,
				D9F09B6422DE7E080003F9CE /* main.m in Sources */,
				D9F09B5622DE7E060003F9CE /* AppDelegate.m in Sources */,
				7B61D4F522DF9EDE00007250 /* SignUpViewController.m in Sources */,
				7B61D4F822DFECEE00007250 /* ProfileViewController.m in Sources */,
				7B0BBC5822DF91DC006275F6 /* LoginViewController.m in Sources */,
				D9DF803822DFE181003D240F /* Friendship.m in Sources */,
				3CE7D01322DF9681005E5C29 /* MapViewController.m in Sources */,
			);
			runOnlyForDeploymentPostprocessing = 0;
		};
		D9F09B6522DE7E080003F9CE /* Sources */ = {
			isa = PBXSourcesBuildPhase;
			buildActionMask = 2147483647;
			files = (
				D9F09B6E22DE7E080003F9CE /* hangoutsTests.m in Sources */,
			);
			runOnlyForDeploymentPostprocessing = 0;
		};
		D9F09B7022DE7E080003F9CE /* Sources */ = {
			isa = PBXSourcesBuildPhase;
			buildActionMask = 2147483647;
			files = (
				D9F09B7922DE7E080003F9CE /* hangoutsUITests.m in Sources */,
			);
			runOnlyForDeploymentPostprocessing = 0;
		};
/* End PBXSourcesBuildPhase section */

/* Begin PBXTargetDependency section */
		D9F09B6B22DE7E080003F9CE /* PBXTargetDependency */ = {
			isa = PBXTargetDependency;
			target = D9F09B5022DE7E060003F9CE /* hangouts */;
			targetProxy = D9F09B6A22DE7E080003F9CE /* PBXContainerItemProxy */;
		};
		D9F09B7622DE7E080003F9CE /* PBXTargetDependency */ = {
			isa = PBXTargetDependency;
			target = D9F09B5022DE7E060003F9CE /* hangouts */;
			targetProxy = D9F09B7522DE7E080003F9CE /* PBXContainerItemProxy */;
		};
/* End PBXTargetDependency section */

/* Begin PBXVariantGroup section */
		D9F09B5A22DE7E060003F9CE /* Main.storyboard */ = {
			isa = PBXVariantGroup;
			children = (
				D9F09B5B22DE7E060003F9CE /* Base */,
			);
			name = Main.storyboard;
			sourceTree = "<group>";
		};
		D9F09B5F22DE7E080003F9CE /* LaunchScreen.storyboard */ = {
			isa = PBXVariantGroup;
			children = (
				D9F09B6022DE7E080003F9CE /* Base */,
			);
			name = LaunchScreen.storyboard;
			sourceTree = "<group>";
		};
/* End PBXVariantGroup section */

/* Begin XCBuildConfiguration section */
		D9F09B7B22DE7E080003F9CE /* Debug */ = {
			isa = XCBuildConfiguration;
			buildSettings = {
				ALWAYS_SEARCH_USER_PATHS = NO;
				CLANG_ANALYZER_NONNULL = YES;
				CLANG_ANALYZER_NUMBER_OBJECT_CONVERSION = YES_AGGRESSIVE;
				CLANG_CXX_LANGUAGE_STANDARD = "gnu++14";
				CLANG_CXX_LIBRARY = "libc++";
				CLANG_ENABLE_MODULES = YES;
				CLANG_ENABLE_OBJC_ARC = YES;
				CLANG_ENABLE_OBJC_WEAK = YES;
				CLANG_WARN_BLOCK_CAPTURE_AUTORELEASING = YES;
				CLANG_WARN_BOOL_CONVERSION = YES;
				CLANG_WARN_COMMA = YES;
				CLANG_WARN_CONSTANT_CONVERSION = YES;
				CLANG_WARN_DEPRECATED_OBJC_IMPLEMENTATIONS = YES;
				CLANG_WARN_DIRECT_OBJC_ISA_USAGE = YES_ERROR;
				CLANG_WARN_DOCUMENTATION_COMMENTS = YES;
				CLANG_WARN_EMPTY_BODY = YES;
				CLANG_WARN_ENUM_CONVERSION = YES;
				CLANG_WARN_INFINITE_RECURSION = YES;
				CLANG_WARN_INT_CONVERSION = YES;
				CLANG_WARN_NON_LITERAL_NULL_CONVERSION = YES;
				CLANG_WARN_OBJC_IMPLICIT_RETAIN_SELF = YES;
				CLANG_WARN_OBJC_LITERAL_CONVERSION = YES;
				CLANG_WARN_OBJC_ROOT_CLASS = YES_ERROR;
				CLANG_WARN_RANGE_LOOP_ANALYSIS = YES;
				CLANG_WARN_STRICT_PROTOTYPES = YES;
				CLANG_WARN_SUSPICIOUS_MOVE = YES;
				CLANG_WARN_UNGUARDED_AVAILABILITY = YES_AGGRESSIVE;
				CLANG_WARN_UNREACHABLE_CODE = YES;
				CLANG_WARN__DUPLICATE_METHOD_MATCH = YES;
				CODE_SIGN_IDENTITY = "iPhone Developer";
				COPY_PHASE_STRIP = NO;
				DEBUG_INFORMATION_FORMAT = dwarf;
				ENABLE_STRICT_OBJC_MSGSEND = YES;
				ENABLE_TESTABILITY = YES;
				GCC_C_LANGUAGE_STANDARD = gnu11;
				GCC_DYNAMIC_NO_PIC = NO;
				GCC_NO_COMMON_BLOCKS = YES;
				GCC_OPTIMIZATION_LEVEL = 0;
				GCC_PREPROCESSOR_DEFINITIONS = (
					"DEBUG=1",
					"$(inherited)",
				);
				GCC_WARN_64_TO_32_BIT_CONVERSION = YES;
				GCC_WARN_ABOUT_RETURN_TYPE = YES_ERROR;
				GCC_WARN_UNDECLARED_SELECTOR = YES;
				GCC_WARN_UNINITIALIZED_AUTOS = YES_AGGRESSIVE;
				GCC_WARN_UNUSED_FUNCTION = YES;
				GCC_WARN_UNUSED_VARIABLE = YES;
				IPHONEOS_DEPLOYMENT_TARGET = 12.2;
				MTL_ENABLE_DEBUG_INFO = INCLUDE_SOURCE;
				MTL_FAST_MATH = YES;
				ONLY_ACTIVE_ARCH = YES;
				SDKROOT = iphoneos;
			};
			name = Debug;
		};
		D9F09B7C22DE7E080003F9CE /* Release */ = {
			isa = XCBuildConfiguration;
			buildSettings = {
				ALWAYS_SEARCH_USER_PATHS = NO;
				CLANG_ANALYZER_NONNULL = YES;
				CLANG_ANALYZER_NUMBER_OBJECT_CONVERSION = YES_AGGRESSIVE;
				CLANG_CXX_LANGUAGE_STANDARD = "gnu++14";
				CLANG_CXX_LIBRARY = "libc++";
				CLANG_ENABLE_MODULES = YES;
				CLANG_ENABLE_OBJC_ARC = YES;
				CLANG_ENABLE_OBJC_WEAK = YES;
				CLANG_WARN_BLOCK_CAPTURE_AUTORELEASING = YES;
				CLANG_WARN_BOOL_CONVERSION = YES;
				CLANG_WARN_COMMA = YES;
				CLANG_WARN_CONSTANT_CONVERSION = YES;
				CLANG_WARN_DEPRECATED_OBJC_IMPLEMENTATIONS = YES;
				CLANG_WARN_DIRECT_OBJC_ISA_USAGE = YES_ERROR;
				CLANG_WARN_DOCUMENTATION_COMMENTS = YES;
				CLANG_WARN_EMPTY_BODY = YES;
				CLANG_WARN_ENUM_CONVERSION = YES;
				CLANG_WARN_INFINITE_RECURSION = YES;
				CLANG_WARN_INT_CONVERSION = YES;
				CLANG_WARN_NON_LITERAL_NULL_CONVERSION = YES;
				CLANG_WARN_OBJC_IMPLICIT_RETAIN_SELF = YES;
				CLANG_WARN_OBJC_LITERAL_CONVERSION = YES;
				CLANG_WARN_OBJC_ROOT_CLASS = YES_ERROR;
				CLANG_WARN_RANGE_LOOP_ANALYSIS = YES;
				CLANG_WARN_STRICT_PROTOTYPES = YES;
				CLANG_WARN_SUSPICIOUS_MOVE = YES;
				CLANG_WARN_UNGUARDED_AVAILABILITY = YES_AGGRESSIVE;
				CLANG_WARN_UNREACHABLE_CODE = YES;
				CLANG_WARN__DUPLICATE_METHOD_MATCH = YES;
				CODE_SIGN_IDENTITY = "iPhone Developer";
				COPY_PHASE_STRIP = NO;
				DEBUG_INFORMATION_FORMAT = "dwarf-with-dsym";
				ENABLE_NS_ASSERTIONS = NO;
				ENABLE_STRICT_OBJC_MSGSEND = YES;
				GCC_C_LANGUAGE_STANDARD = gnu11;
				GCC_NO_COMMON_BLOCKS = YES;
				GCC_WARN_64_TO_32_BIT_CONVERSION = YES;
				GCC_WARN_ABOUT_RETURN_TYPE = YES_ERROR;
				GCC_WARN_UNDECLARED_SELECTOR = YES;
				GCC_WARN_UNINITIALIZED_AUTOS = YES_AGGRESSIVE;
				GCC_WARN_UNUSED_FUNCTION = YES;
				GCC_WARN_UNUSED_VARIABLE = YES;
				IPHONEOS_DEPLOYMENT_TARGET = 12.2;
				MTL_ENABLE_DEBUG_INFO = NO;
				MTL_FAST_MATH = YES;
				SDKROOT = iphoneos;
				VALIDATE_PRODUCT = YES;
			};
			name = Release;
		};
		D9F09B7E22DE7E080003F9CE /* Debug */ = {
			isa = XCBuildConfiguration;
			baseConfigurationReference = B292598FB64D6C47C72E9F9D /* Pods-hangouts.debug.xcconfig */;
			buildSettings = {
				ASSETCATALOG_COMPILER_APPICON_NAME = AppIcon;
				CODE_SIGN_STYLE = Automatic;
				DEVELOPMENT_TEAM = 6DS64ZKFJ4;
				INFOPLIST_FILE = hangouts/Info.plist;
				LD_RUNPATH_SEARCH_PATHS = (
					"$(inherited)",
					"@executable_path/Frameworks",
				);
				PRODUCT_BUNDLE_IDENTIFIER = com.sroman98.hangouts;
				PRODUCT_NAME = "$(TARGET_NAME)";
				TARGETED_DEVICE_FAMILY = "1,2";
			};
			name = Debug;
		};
		D9F09B7F22DE7E080003F9CE /* Release */ = {
			isa = XCBuildConfiguration;
			baseConfigurationReference = 8FA899A2DBB9542F5D18378D /* Pods-hangouts.release.xcconfig */;
			buildSettings = {
				ASSETCATALOG_COMPILER_APPICON_NAME = AppIcon;
				CODE_SIGN_STYLE = Automatic;
				DEVELOPMENT_TEAM = 6DS64ZKFJ4;
				INFOPLIST_FILE = hangouts/Info.plist;
				LD_RUNPATH_SEARCH_PATHS = (
					"$(inherited)",
					"@executable_path/Frameworks",
				);
				PRODUCT_BUNDLE_IDENTIFIER = com.sroman98.hangouts;
				PRODUCT_NAME = "$(TARGET_NAME)";
				TARGETED_DEVICE_FAMILY = "1,2";
			};
			name = Release;
		};
		D9F09B8122DE7E080003F9CE /* Debug */ = {
			isa = XCBuildConfiguration;
			baseConfigurationReference = 6A6C8F220FB43673B001343A /* Pods-hangoutsTests.debug.xcconfig */;
			buildSettings = {
				BUNDLE_LOADER = "$(TEST_HOST)";
				CODE_SIGN_STYLE = Automatic;
				DEVELOPMENT_TEAM = 24T36Y5XMD;
				INFOPLIST_FILE = hangoutsTests/Info.plist;
				LD_RUNPATH_SEARCH_PATHS = (
					"$(inherited)",
					"@executable_path/Frameworks",
					"@loader_path/Frameworks",
				);
				PRODUCT_BUNDLE_IDENTIFIER = com.nev.hangoutsTests;
				PRODUCT_NAME = "$(TARGET_NAME)";
				TARGETED_DEVICE_FAMILY = "1,2";
				TEST_HOST = "$(BUILT_PRODUCTS_DIR)/hangouts.app/hangouts";
			};
			name = Debug;
		};
		D9F09B8222DE7E080003F9CE /* Release */ = {
			isa = XCBuildConfiguration;
			baseConfigurationReference = C0C85B00E63547B4468D820E /* Pods-hangoutsTests.release.xcconfig */;
			buildSettings = {
				BUNDLE_LOADER = "$(TEST_HOST)";
				CODE_SIGN_STYLE = Automatic;
				DEVELOPMENT_TEAM = 24T36Y5XMD;
				INFOPLIST_FILE = hangoutsTests/Info.plist;
				LD_RUNPATH_SEARCH_PATHS = (
					"$(inherited)",
					"@executable_path/Frameworks",
					"@loader_path/Frameworks",
				);
				PRODUCT_BUNDLE_IDENTIFIER = com.nev.hangoutsTests;
				PRODUCT_NAME = "$(TARGET_NAME)";
				TARGETED_DEVICE_FAMILY = "1,2";
				TEST_HOST = "$(BUILT_PRODUCTS_DIR)/hangouts.app/hangouts";
			};
			name = Release;
		};
		D9F09B8422DE7E080003F9CE /* Debug */ = {
			isa = XCBuildConfiguration;
			baseConfigurationReference = C81CEDA2E12046CB59AA8ECE /* Pods-hangoutsUITests.debug.xcconfig */;
			buildSettings = {
				CODE_SIGN_STYLE = Automatic;
				DEVELOPMENT_TEAM = 24T36Y5XMD;
				INFOPLIST_FILE = hangoutsUITests/Info.plist;
				LD_RUNPATH_SEARCH_PATHS = (
					"$(inherited)",
					"@executable_path/Frameworks",
					"@loader_path/Frameworks",
				);
				PRODUCT_BUNDLE_IDENTIFIER = com.nev.hangoutsUITests;
				PRODUCT_NAME = "$(TARGET_NAME)";
				TARGETED_DEVICE_FAMILY = "1,2";
				TEST_TARGET_NAME = hangouts;
			};
			name = Debug;
		};
		D9F09B8522DE7E080003F9CE /* Release */ = {
			isa = XCBuildConfiguration;
			baseConfigurationReference = DC0CDD6E9ABC3EF25B7C64E6 /* Pods-hangoutsUITests.release.xcconfig */;
			buildSettings = {
				CODE_SIGN_STYLE = Automatic;
				DEVELOPMENT_TEAM = 24T36Y5XMD;
				INFOPLIST_FILE = hangoutsUITests/Info.plist;
				LD_RUNPATH_SEARCH_PATHS = (
					"$(inherited)",
					"@executable_path/Frameworks",
					"@loader_path/Frameworks",
				);
				PRODUCT_BUNDLE_IDENTIFIER = com.nev.hangoutsUITests;
				PRODUCT_NAME = "$(TARGET_NAME)";
				TARGETED_DEVICE_FAMILY = "1,2";
				TEST_TARGET_NAME = hangouts;
			};
			name = Release;
		};
/* End XCBuildConfiguration section */

/* Begin XCConfigurationList section */
		D9F09B4C22DE7E060003F9CE /* Build configuration list for PBXProject "hangouts" */ = {
			isa = XCConfigurationList;
			buildConfigurations = (
				D9F09B7B22DE7E080003F9CE /* Debug */,
				D9F09B7C22DE7E080003F9CE /* Release */,
			);
			defaultConfigurationIsVisible = 0;
			defaultConfigurationName = Release;
		};
		D9F09B7D22DE7E080003F9CE /* Build configuration list for PBXNativeTarget "hangouts" */ = {
			isa = XCConfigurationList;
			buildConfigurations = (
				D9F09B7E22DE7E080003F9CE /* Debug */,
				D9F09B7F22DE7E080003F9CE /* Release */,
			);
			defaultConfigurationIsVisible = 0;
			defaultConfigurationName = Release;
		};
		D9F09B8022DE7E080003F9CE /* Build configuration list for PBXNativeTarget "hangoutsTests" */ = {
			isa = XCConfigurationList;
			buildConfigurations = (
				D9F09B8122DE7E080003F9CE /* Debug */,
				D9F09B8222DE7E080003F9CE /* Release */,
			);
			defaultConfigurationIsVisible = 0;
			defaultConfigurationName = Release;
		};
		D9F09B8322DE7E080003F9CE /* Build configuration list for PBXNativeTarget "hangoutsUITests" */ = {
			isa = XCConfigurationList;
			buildConfigurations = (
				D9F09B8422DE7E080003F9CE /* Debug */,
				D9F09B8522DE7E080003F9CE /* Release */,
			);
			defaultConfigurationIsVisible = 0;
			defaultConfigurationName = Release;
		};
/* End XCConfigurationList section */
	};
	rootObject = D9F09B4922DE7E060003F9CE /* Project object */;
}
